
Microsoft Visual Studio Solution File, Format Version 12.00
# Visual Studio Version 16
VisualStudioVersion = 16.0.31727.386
MinimumVisualStudioVersion = 10.0.40219.1
Project("{FAE04EC0-301F-11D3-BF4B-00C04F79EFBC}") = "KomisiKaryawan", "KomisiKaryawan\KomisiKaryawan.csproj", "{D22FD2AE-E2DE-4F78-B8FF-14D5DB79AFD8}"
EndProject
Global
	GlobalSection(SolutionConfigurationPlatforms) = preSolution
		Debug|Any CPU = Debug|Any CPU
		Release|Any CPU = Release|Any CPU
	EndGlobalSection
	GlobalSection(ProjectConfigurationPlatforms) = postSolution
		{D22FD2AE-E2DE-4F78-B8FF-14D5DB79AFD8}.Debug|Any CPU.ActiveCfg = Debug|Any CPU
		{D22FD2AE-E2DE-4F78-B8FF-14D5DB79AFD8}.Debug|Any CPU.Build.0 = Debug|Any CPU
		{D22FD2AE-E2DE-4F78-B8FF-14D5DB79AFD8}.Release|Any CPU.ActiveCfg = Release|Any CPU
		{D22FD2AE-E2DE-4F78-B8FF-14D5DB79AFD8}.Release|Any CPU.Build.0 = Release|Any CPU
	EndGlobalSection
	GlobalSection(SolutionProperties) = preSolution
		HideSolutionNode = FALSE
	EndGlobalSection
	GlobalSection(ExtensibilityGlobals) = postSolution
		SolutionGuid = {56F6E209-4A89-4CB7-95AD-271EC5B668C7}
	EndGlobalSection
EndGlobal
